
Microsoft Visual Studio Solution File, Format Version 12.00
# Visual Studio Version 17
VisualStudioVersion = 17.4.33403.182
MinimumVisualStudioVersion = 10.0.40219.1
Project("{FAE04EC0-301F-11D3-BF4B-00C04F79EFBC}") = "Dark Nights", "Dark Nights.csproj", "{BC0365CA-60A0-47C8-B67C-44884FAE59F8}"
EndProject
Global
	GlobalSection(SolutionConfigurationPlatforms) = preSolution
		Debug|Any CPU = Debug|Any CPU
		Release|Any CPU = Release|Any CPU
	EndGlobalSection
	GlobalSection(ProjectConfigurationPlatforms) = postSolution
		{BC0365CA-60A0-47C8-B67C-44884FAE59F8}.Debug|Any CPU.ActiveCfg = Debug|Any CPU
		{BC0365CA-60A0-47C8-B67C-44884FAE59F8}.Debug|Any CPU.Build.0 = Debug|Any CPU
		{BC0365CA-60A0-47C8-B67C-44884FAE59F8}.Release|Any CPU.ActiveCfg = Release|Any CPU
		{BC0365CA-60A0-47C8-B67C-44884FAE59F8}.Release|Any CPU.Build.0 = Release|Any CPU
	EndGlobalSection
	GlobalSection(SolutionProperties) = preSolution
		HideSolutionNode = FALSE
	EndGlobalSection
	GlobalSection(ExtensibilityGlobals) = postSolution
		SolutionGuid = {45141236-2C3C-4DB7-9E33-0330BDF8B03B}
	EndGlobalSection
EndGlobal
